PODS:
  - Alamofire (5.4.4)
  - Kingfisher (7.1.1)
  - ReachabilitySwift (5.0.0)

DEPENDENCIES:
  - Alamofire
  - Kingfisher (~> 7.0)
  - ReachabilitySwift

SPEC REPOS:
  trunk:
    - Alamofire
    - Kingfisher
    - ReachabilitySwift

SPEC CHECKSUMS:
  Alamofire: f3b09a368f1582ab751b3fff5460276e0d2cf5c9
  Kingfisher: f738f9c4a3415823b8e2985d10aa2d6a9f37bc4d
  ReachabilitySwift: 985039c6f7b23a1da463388634119492ff86c825

PODFILE CHECKSUM: cf20f08cfefea7e30c81032840bc02dfd13fdba2

COCOAPODS: 1.11.2
